{
  "lockfile-version": 1,
  "manifest": {
    "schema-version": "1.11.0",
    "install": {
      "go": {
        "pkg-path": "go",
        "version": "^1.26"
      },
      "templ": {
        "pkg-path": "templ"
      }
    },
    "hook": {
      "on-activate": "  # Autogenerated by Flox\n\n  # Point GOENV to Flox environment cache\n  export GOENV=\"$FLOX_ENV_CACHE/goenv\"\n\n  # Install Go dependencies\n\n  templ generate\n\n  go get .\n\n  # End autogenerated by Flox\n"
    },
    "profile": {},
    "options": {}
  },
  "packages": [
    {
      "attr_path": "go",
      "broken": false,
      "derivation": "/nix/store/jj5lr2n85rl99d40dcgvv8kh4p37i47d-go-1.26.1.drv",
      "description": "Go Programming language",
      "install_id": "go",
      "license": "BSD-3-Clause",
      "locked_url": "https://github.com/flox/nixpkgs?rev=4bd9165a9165d7b5e33ae57f3eecbcb28fb231c9",
      "name": "go-1.26.1",
      "pname": "go",
      "rev": "4bd9165a9165d7b5e33ae57f3eecbcb28fb231c9",
      "rev_count": 980183,
      "rev_date": "2026-04-14T12:31:25Z",
      "scrape_date": "2026-04-16T06:05:19.213036Z",
      "stabilities": [
        "staging",
        "unstable"
      ],
      "unfree": false,
      "version": "1.26.1",
      "outputs_to_install": [
        "out"
      ],
      "outputs": {
        "out": "/nix/store/kh43nhaz1qcpwws2xq805lrmwpmn9i3k-go-1.26.1"
      },
      "system": "aarch64-darwin",
      "group": "toplevel",
      "priority": 5
    },
    {
      "attr_path": "go",
      "broken": false,
      "derivation": "/nix/store/bgblqd7l0v7x7s504csalw9b5vwf4czc-go-1.26.1.drv",
      "description": "Go Programming language",
      "install_id": "go",
      "license": "BSD-3-Clause",
      "locked_url": "https://github.com/flox/nixpkgs?rev=4bd9165a9165d7b5e33ae57f3eecbcb28fb231c9",
      "name": "go-1.26.1",
      "pname": "go",
      "rev": "4bd9165a9165d7b5e33ae57f3eecbcb28fb231c9",
      "rev_count": 980183,
      "rev_date": "2026-04-14T12:31:25Z",
      "scrape_date": "2026-04-16T06:37:15.076978Z",
      "stabilities": [
        "staging",
        "unstable"
      ],
      "unfree": false,
      "version": "1.26.1",
      "outputs_to_install": [
        "out"
      ],
      "outputs": {
        "out": "/nix/store/rz1pqbm5z3zfby250i0djfmfzzj7khg9-go-1.26.1"
      },
      "system": "aarch64-linux",
      "group": "toplevel",
      "priority": 5
    },
    {
      "attr_path": "go",
      "broken": false,
      "derivation": "/nix/store/pcwra0rv1n0pq3r6sjlc6sx6a0bv499x-go-1.26.1.drv",
      "description": "Go Programming language",
      "install_id": "go",
      "license": "BSD-3-Clause",
      "locked_url": "https://github.com/flox/nixpkgs?rev=4bd9165a9165d7b5e33ae57f3eecbcb28fb231c9",
      "name": "go-1.26.1",
      "pname": "go",
      "rev": "4bd9165a9165d7b5e33ae57f3eecbcb28fb231c9",
      "rev_count": 980183,
      "rev_date": "2026-04-14T12:31:25Z",
      "scrape_date": "2026-04-16T07:08:03.210482Z",
      "stabilities": [
        "staging",
        "unstable"
      ],
      "unfree": false,
      "version": "1.26.1",
      "outputs_to_install": [
        "out"
      ],
      "outputs": {
        "out": "/nix/store/yv6jj27racylbfjw6a1cdr91ndxbgyf6-go-1.26.1"
      },
      "system": "x86_64-darwin",
      "group": "toplevel",
      "priority": 5
    },
    {
      "attr_path": "go",
      "broken": false,
      "derivation": "/nix/store/f7rh1lw0shd5471j9y6wpvc2j43czglz-go-1.26.1.drv",
      "description": "Go Programming language",
      "install_id": "go",
      "license": "BSD-3-Clause",
      "locked_url": "https://github.com/flox/nixpkgs?rev=4bd9165a9165d7b5e33ae57f3eecbcb28fb231c9",
      "name": "go-1.26.1",
      "pname": "go",
      "rev": "4bd9165a9165d7b5e33ae57f3eecbcb28fb231c9",
      "rev_count": 980183,
      "rev_date": "2026-04-14T12:31:25Z",
      "scrape_date": "2026-04-16T07:42:43.606124Z",
      "stabilities": [
        "staging",
        "unstable"
      ],
      "unfree": false,
      "version": "1.26.1",
      "outputs_to_install": [
        "out",
        "out"
      ],
      "outputs": {
        "out": "/nix/store/ckcq2mj8zk0drhaaacy6mp9d924hnr4m-go-1.26.1"
      },
      "system": "x86_64-linux",
      "group": "toplevel",
      "priority": 5
    },
    {
      "attr_path": "templ",
      "broken": false,
      "derivation": "/nix/store/b1zpxm4h399i76xinlfjs2z61jrm45rh-templ-0.3.1001.drv",
      "description": "Language for writing HTML user interfaces in Go",
      "install_id": "templ",
      "license": "MIT",
      "locked_url": "https://github.com/flox/nixpkgs?rev=4bd9165a9165d7b5e33ae57f3eecbcb28fb231c9",
      "name": "templ-0.3.1001",
      "pname": "templ",
      "rev": "4bd9165a9165d7b5e33ae57f3eecbcb28fb231c9",
      "rev_count": 980183,
      "rev_date": "2026-04-14T12:31:25Z",
      "scrape_date": "2026-04-16T06:07:09.863260Z",
      "stabilities": [
        "staging",
        "unstable"
      ],
      "unfree": false,
      "version": "0.3.1001",
      "outputs_to_install": [
        "out"
      ],
      "outputs": {
        "out": "/nix/store/x9y3fnv2mb8j70r8k0i3n96qflrqq8d5-templ-0.3.1001"
      },
      "system": "aarch64-darwin",
      "group": "toplevel",
      "priority": 5
    },
    {
      "attr_path": "templ",
      "broken": false,
      "derivation": "/nix/store/hgyfhwy747b6wrzmxl0birhyi35fsjhm-templ-0.3.1001.drv",
      "description": "Language for writing HTML user interfaces in Go",
      "install_id": "templ",
      "license": "MIT",
      "locked_url": "https://github.com/flox/nixpkgs?rev=4bd9165a9165d7b5e33ae57f3eecbcb28fb231c9",
      "name": "templ-0.3.1001",
      "pname": "templ",
      "rev": "4bd9165a9165d7b5e33ae57f3eecbcb28fb231c9",
      "rev_count": 980183,
      "rev_date": "2026-04-14T12:31:25Z",
      "scrape_date": "2026-04-16T06:39:42.163408Z",
      "stabilities": [
        "staging",
        "unstable"
      ],
      "unfree": false,
      "version": "0.3.1001",
      "outputs_to_install": [
        "out"
      ],
      "outputs": {
        "out": "/nix/store/3nhjivm3l1bk9gc98qrmafdk5n18lrdd-templ-0.3.1001"
      },
      "system": "aarch64-linux",
      "group": "toplevel",
      "priority": 5
    },
    {
      "attr_path": "templ",
      "broken": false,
      "derivation": "/nix/store/42bswpcd7hqzxbr403s7sr6ximfh7n5i-templ-0.3.1001.drv",
      "description": "Language for writing HTML user interfaces in Go",
      "install_id": "templ",
      "license": "MIT",
      "locked_url": "https://github.com/flox/nixpkgs?rev=4bd9165a9165d7b5e33ae57f3eecbcb28fb231c9",
      "name": "templ-0.3.1001",
      "pname": "templ",
      "rev": "4bd9165a9165d7b5e33ae57f3eecbcb28fb231c9",
      "rev_count": 980183,
      "rev_date": "2026-04-14T12:31:25Z",
      "scrape_date": "2026-04-16T07:09:52.103981Z",
      "stabilities": [
        "staging",
        "unstable"
      ],
      "unfree": false,
      "version": "0.3.1001",
      "outputs_to_install": [
        "out"
      ],
      "outputs": {
        "out": "/nix/store/7wjjyfwhkhavm8xyba699w3r1rhrkyci-templ-0.3.1001"
      },
      "system": "x86_64-darwin",
      "group": "toplevel",
      "priority": 5
    },
    {
      "attr_path": "templ",
      "broken": false,
      "derivation": "/nix/store/pbgj5kmr6vyr0l1a02if09did9b175yr-templ-0.3.1001.drv",
      "description": "Language for writing HTML user interfaces in Go",
      "install_id": "templ",
      "license": "MIT",
      "locked_url": "https://github.com/flox/nixpkgs?rev=4bd9165a9165d7b5e33ae57f3eecbcb28fb231c9",
      "name": "templ-0.3.1001",
      "pname": "templ",
      "rev": "4bd9165a9165d7b5e33ae57f3eecbcb28fb231c9",
      "rev_count": 980183,
      "rev_date": "2026-04-14T12:31:25Z",
      "scrape_date": "2026-04-16T07:45:17.056711Z",
      "stabilities": [
        "staging",
        "unstable"
      ],
      "unfree": false,
      "version": "0.3.1001",
      "outputs_to_install": [
        "out"
      ],
      "outputs": {
        "out": "/nix/store/v4qj3mml7lyps2nicavbys97w56dxvjy-templ-0.3.1001"
      },
      "system": "x86_64-linux",
      "group": "toplevel",
      "priority": 5
    }
  ]
}
